
Microsoft Visual Studio Solution File, Format Version 12.00
# Visual Studio Version 16
VisualStudioVersion = 16.0.31321.278
MinimumVisualStudioVersion = 10.0.40219.1
Project("{8BC9CEB8-8B4A-11D0-8D11-00A0C91BC942}") = "Sandbox", "Sandbox\Sandbox.vcxproj", "{C2576AF9-B036-47B4-9355-7310C5F0B68D}"
EndProject
Project("{8BC9CEB8-8B4A-11D0-8D11-00A0C91BC942}") = "Engg", "Engg\Engg.vcxproj", "{15C05686-0E68-4BCB-89DC-11504AF6F253}"
EndProject
Global
	GlobalSection(SolutionConfigurationPlatforms) = preSolution
		Debug|x64 = Debug|x64
		Release|x64 = Release|x64
	EndGlobalSection
	GlobalSection(ProjectConfigurationPlatforms) = postSolution
		{15C05686-0E68-4BCB-89DC-11504AF6F253}.Debug|x64.ActiveCfg = Debug|x64
		{15C05686-0E68-4BCB-89DC-11504AF6F253}.Debug|x64.Build.0 = Debug|x64
		{15C05686-0E68-4BCB-89DC-11504AF6F253}.Release|x64.ActiveCfg = Release|x64
		{15C05686-0E68-4BCB-89DC-11504AF6F253}.Release|x64.Build.0 = Release|x64
		{C2576AF9-B036-47B4-9355-7310C5F0B68D}.Debug|x64.ActiveCfg = Debug|x64
		{C2576AF9-B036-47B4-9355-7310C5F0B68D}.Debug|x64.Build.0 = Debug|x64
		{C2576AF9-B036-47B4-9355-7310C5F0B68D}.Release|x64.ActiveCfg = Release|x64
		{C2576AF9-B036-47B4-9355-7310C5F0B68D}.Release|x64.Build.0 = Release|x64
	EndGlobalSection
	GlobalSection(SolutionProperties) = preSolution
		HideSolutionNode = FALSE
	EndGlobalSection
	GlobalSection(ExtensibilityGlobals) = postSolution
		SolutionGuid = {58280E0A-332A-402B-89EB-A5F5D740C7F7}
	EndGlobalSection
EndGlobal
