<?xml version="1.0" encoding="utf-8"?>
<Project ToolsVersion="4.0" xmlns="http://schemas.microsoft.com/developer/msbuild/2003">
  <ItemGroup>
    <Filter Include="Engg">
      <UniqueIdentifier>{46C7847C-32FE-850D-DBEA-6B10C700020F}</UniqueIdentifier>
    </Filter>
    <Filter Include="Engg\Events">
      <UniqueIdentifier>{6AC8F451-D67D-6D47-5F72-671ECB26644B}</UniqueIdentifier>
    </Filter>
    <Filter Include="Platform">
      <UniqueIdentifier>{2AC788B4-1694-E3BF-3FAD-D1672BD9184E}</UniqueIdentifier>
    </Filter>
    <Filter Include="Platform\Windows">
      <UniqueIdentifier>{64FBD71A-50F4-F66C-7926-DCF1657ED678}</UniqueIdentifier>
    </Filter>
  </ItemGroup>
  <ItemGroup>
    <ClInclude Include="src\Engg.h" />
    <ClInclude Include="src\Engg\Application.h">
      <Filter>Engg</Filter>
    </ClInclude>
    <ClInclude Include="src\Engg\Core.h">
      <Filter>Engg</Filter>
    </ClInclude>
    <ClInclude Include="src\Engg\EntryPoint.h">
      <Filter>Engg</Filter>
    </ClInclude>
    <ClInclude Include="src\Engg\Events\ApplicationEvent.h">
      <Filter>Engg\Events</Filter>
    </ClInclude>
    <ClInclude Include="src\Engg\Events\Event.h">
      <Filter>Engg\Events</Filter>
    </ClInclude>
    <ClInclude Include="src\Engg\Events\KeyEvent.h">
      <Filter>Engg\Events</Filter>
    </ClInclude>
    <ClInclude Include="src\Engg\Events\MouseEvent.h">
      <Filter>Engg\Events</Filter>
    </ClInclude>
    <ClInclude Include="src\Engg\Log.h">
      <Filter>Engg</Filter>
    </ClInclude>
    <ClInclude Include="src\Engg\Window.h">
      <Filter>Engg</Filter>
    </ClInclude>
    <ClInclude Include="src\Platform\Windows\WindowsWindow.h">
      <Filter>Platform\Windows</Filter>
    </ClInclude>
    <ClInclude Include="src\enpch.h" />
  </ItemGroup>
  <ItemGroup>
    <ClCompile Include="src\Engg\Application.cpp">
      <Filter>Engg</Filter>
    </ClCompile>
    <ClCompile Include="src\Engg\Log.cpp">
      <Filter>Engg</Filter>
    </ClCompile>
    <ClCompile Include="src\Platform\Windows\WindowsWindow.cpp">
      <Filter>Platform\Windows</Filter>
    </ClCompile>
    <ClCompile Include="src\enpch.cpp" />
  </ItemGroup>
</Project>